// !$*UTF8*$!
{
	archiveVersion = 1;
	classes = {
	};
	objectVersion = 46;
	objects = {

/* Begin PBXBuildFile section */
		651523801D6A5345A0A50F02 /* Pods_KeyboarderTests.framework in Frameworks */ = {isa = PBXBuildFile; fileRef = E25E6349CC66EA9A3E3D2C75 /* Pods_KeyboarderTests.framework */; };
		82C349AC9895D77DBAE56733 /* Pods_Keyboarder.framework in Frameworks */ = {isa = PBXBuildFile; fileRef = BCE8D99BD9E82B93C89DA51F /* Pods_Keyboarder.framework */; };
		E752E4EF1F3BDCD300F74598 /* AppDelegate.swift in Sources */ = {isa = PBXBuildFile; fileRef = E752E4EE1F3BDCD300F74598 /* AppDelegate.swift */; };
		E752E4F11F3BDCD300F74598 /* ViewController.swift in Sources */ = {isa = PBXBuildFile; fileRef = E752E4F01F3BDCD300F74598 /* ViewController.swift */; };
		E752E4F41F3BDCD300F74598 /* Main.storyboard in Resources */ = {isa = PBXBuildFile; fileRef = E752E4F21F3BDCD300F74598 /* Main.storyboard */; };
		E752E4F61F3BDCD300F74598 /* Assets.xcassets in Resources */ = {isa = PBXBuildFile; fileRef = E752E4F51F3BDCD300F74598 /* Assets.xcassets */; };
		E752E4F91F3BDCD300F74598 /* LaunchScreen.storyboard in Resources */ = {isa = PBXBuildFile; fileRef = E752E4F71F3BDCD300F74598 /* LaunchScreen.storyboard */; };
		E752E5041F3BDCD300F74598 /* KeyboarderTests.swift in Sources */ = {isa = PBXBuildFile; fileRef = E752E5031F3BDCD300F74598 /* KeyboarderTests.swift */; };
		E752E50F1F3BDDF900F74598 /* Podfile in Resources */ = {isa = PBXBuildFile; fileRef = E752E50E1F3BDDF900F74598 /* Podfile */; };
/* End PBXBuildFile section */

/* Begin PBXContainerItemProxy section */
		E752E5001F3BDCD300F74598 /* PBXContainerItemProxy */ = {
			isa = PBXContainerItemProxy;
			containerPortal = E752E4E31F3BDCD200F74598 /* Project object */;
			proxyType = 1;
			remoteGlobalIDString = E752E4EA1F3BDCD200F74598;
			remoteInfo = Keyboarder;
		};
/* End PBXContainerItemProxy section */

/* Begin PBXFileReference section */
		32B124638ED61FB4EDC9F883 /* Pods-Keyboarder.release.xcconfig */ = {isa = PBXFileReference; includeInIndex = 1; lastKnownFileType = text.xcconfig; name = "Pods-Keyboarder.release.xcconfig"; path = "Pods/Target Support Files/Pods-Keyboarder/Pods-Keyboarder.release.xcconfig"; sourceTree = "<group>"; };
		6EAEF6EC5578446FDD944EDF /* Pods-Keyboarder.debug.xcconfig */ = {isa = PBXFileReference; includeInIndex = 1; lastKnownFileType = text.xcconfig; name = "Pods-Keyboarder.debug.xcconfig"; path = "Pods/Target Support Files/Pods-Keyboarder/Pods-Keyboarder.debug.xcconfig"; sourceTree = "<group>"; };
		A72596C4044331B80DA1C6B9 /* Pods-KeyboarderTests.release.xcconfig */ = {isa = PBXFileReference; includeInIndex = 1; lastKnownFileType = text.xcconfig; name = "Pods-KeyboarderTests.release.xcconfig"; path = "Pods/Target Support Files/Pods-KeyboarderTests/Pods-KeyboarderTests.release.xcconfig"; sourceTree = "<group>"; };
		BCE8D99BD9E82B93C89DA51F /* Pods_Keyboarder.framework */ = {isa = PBXFileReference; explicitFileType = wrapper.framework; includeInIndex = 0; path = Pods_Keyboarder.framework; sourceTree = BUILT_PRODUCTS_DIR; };
		C0EB60BF88D7E6993C3E18D4 /* Pods-KeyboarderTests.debug.xcconfig */ = {isa = PBXFileReference; includeInIndex = 1; lastKnownFileType = text.xcconfig; name = "Pods-KeyboarderTests.debug.xcconfig"; path = "Pods/Target Support Files/Pods-KeyboarderTests/Pods-KeyboarderTests.debug.xcconfig"; sourceTree = "<group>"; };
		E25E6349CC66EA9A3E3D2C75 /* Pods_KeyboarderTests.framework */ = {isa = PBXFileReference; explicitFileType = wrapper.framework; includeInIndex = 0; path = Pods_KeyboarderTests.framework; sourceTree = BUILT_PRODUCTS_DIR; };
		E752E4EB1F3BDCD300F74598 /* Keyboarder.app */ = {isa = PBXFileReference; explicitFileType = wrapper.application; includeInIndex = 0; path = Keyboarder.app; sourceTree = BUILT_PRODUCTS_DIR; };
		E752E4EE1F3BDCD300F74598 /* AppDelegate.swift */ = {isa = PBXFileReference; lastKnownFileType = sourcecode.swift; path = AppDelegate.swift; sourceTree = "<group>"; };
		E752E4F01F3BDCD300F74598 /* ViewController.swift */ = {isa = PBXFileReference; lastKnownFileType = sourcecode.swift; path = ViewController.swift; sourceTree = "<group>"; };
		E752E4F31F3BDCD300F74598 /* Base */ = {isa = PBXFileReference; lastKnownFileType = file.storyboard; name = Base; path = Base.lproj/Main.storyboard; sourceTree = "<group>"; };
		E752E4F51F3BDCD300F74598 /* Assets.xcassets */ = {isa = PBXFileReference; lastKnownFileType = folder.assetcatalog; path = Assets.xcassets; sourceTree = "<group>"; };
		E752E4F81F3BDCD300F74598 /* Base */ = {isa = PBXFileReference; lastKnownFileType = file.storyboard; name = Base; path = Base.lproj/LaunchScreen.storyboard; sourceTree = "<group>"; };
		E752E4FA1F3BDCD300F74598 /* Info.plist */ = {isa = PBXFileReference; lastKnownFileType = text.plist.xml; path = Info.plist; sourceTree = "<group>"; };
		E752E4FF1F3BDCD300F74598 /* KeyboarderTests.xctest */ = {isa = PBXFileReference; explicitFileType = wrapper.cfbundle; includeInIndex = 0; path = KeyboarderTests.xctest; sourceTree = BUILT_PRODUCTS_DIR; };
		E752E5031F3BDCD300F74598 /* KeyboarderTests.swift */ = {isa = PBXFileReference; lastKnownFileType = sourcecode.swift; path = KeyboarderTests.swift; sourceTree = "<group>"; };
		E752E5051F3BDCD300F74598 /* Info.plist */ = {isa = PBXFileReference; lastKnownFileType = text.plist.xml; path = Info.plist; sourceTree = "<group>"; };
		E752E50E1F3BDDF900F74598 /* Podfile */ = {isa = PBXFileReference; fileEncoding = 4; lastKnownFileType = text; path = Podfile; sourceTree = "<group>"; };
/* End PBXFileReference section */

/* Begin PBXFrameworksBuildPhase section */
		E752E4E81F3BDCD200F74598 /* Frameworks */ = {
			isa = PBXFrameworksBuildPhase;
			buildActionMask = 2147483647;
			files = (
				82C349AC9895D77DBAE56733 /* Pods_Keyboarder.framework in Frameworks */,
			);
			runOnlyForDeploymentPostprocessing = 0;
		};
		E752E4FC1F3BDCD300F74598 /* Frameworks */ = {
			isa = PBXFrameworksBuildPhase;
			buildActionMask = 2147483647;
			files = (
				651523801D6A5345A0A50F02 /* Pods_KeyboarderTests.framework in Frameworks */,
			);
			runOnlyForDeploymentPostprocessing = 0;
		};
/* End PBXFrameworksBuildPhase section */

/* Begin PBXGroup section */
		3DDE2E16F7862AA40E444A23 /* Frameworks */ = {
			isa = PBXGroup;
			children = (
				BCE8D99BD9E82B93C89DA51F /* Pods_Keyboarder.framework */,
				E25E6349CC66EA9A3E3D2C75 /* Pods_KeyboarderTests.framework */,
			);
			name = Frameworks;
			sourceTree = "<group>";
		};
		7FB3F876BF6B91566E71A1FC /* Pods */ = {
			isa = PBXGroup;
			children = (
				6EAEF6EC5578446FDD944EDF /* Pods-Keyboarder.debug.xcconfig */,
				32B124638ED61FB4EDC9F883 /* Pods-Keyboarder.release.xcconfig */,
				C0EB60BF88D7E6993C3E18D4 /* Pods-KeyboarderTests.debug.xcconfig */,
				A72596C4044331B80DA1C6B9 /* Pods-KeyboarderTests.release.xcconfig */,
			);
			name = Pods;
			sourceTree = "<group>";
		};
		E752E4E21F3BDCD200F74598 = {
			isa = PBXGroup;
			children = (
				E752E50E1F3BDDF900F74598 /* Podfile */,
				E752E4ED1F3BDCD300F74598 /* Keyboarder */,
				E752E5021F3BDCD300F74598 /* KeyboarderTests */,
				E752E4EC1F3BDCD300F74598 /* Products */,
				7FB3F876BF6B91566E71A1FC /* Pods */,
				3DDE2E16F7862AA40E444A23 /* Frameworks */,
			);
			sourceTree = "<group>";
		};
		E752E4EC1F3BDCD300F74598 /* Products */ = {
			isa = PBXGroup;
			children = (
				E752E4EB1F3BDCD300F74598 /* Keyboarder.app */,
				E752E4FF1F3BDCD300F74598 /* KeyboarderTests.xctest */,
			);
			name = Products;
			sourceTree = "<group>";
		};
		E752E4ED1F3BDCD300F74598 /* Keyboarder */ = {
			isa = PBXGroup;
			children = (
				E752E4EE1F3BDCD300F74598 /* AppDelegate.swift */,
				E752E4F01F3BDCD300F74598 /* ViewController.swift */,
				E752E4F21F3BDCD300F74598 /* Main.storyboard */,
				E752E4F51F3BDCD300F74598 /* Assets.xcassets */,
				E752E4F71F3BDCD300F74598 /* LaunchScreen.storyboard */,
				E752E4FA1F3BDCD300F74598 /* Info.plist */,
			);
			path = Keyboarder;
			sourceTree = "<group>";
		};
		E752E5021F3BDCD300F74598 /* KeyboarderTests */ = {
			isa = PBXGroup;
			children = (
				E752E5031F3BDCD300F74598 /* KeyboarderTests.swift */,
				E752E5051F3BDCD300F74598 /* Info.plist */,
			);
			path = KeyboarderTests;
			sourceTree = "<group>";
		};
/* End PBXGroup section */

/* Begin PBXNativeTarget section */
		E752E4EA1F3BDCD200F74598 /* Keyboarder */ = {
			isa = PBXNativeTarget;
			buildConfigurationList = E752E5081F3BDCD300F74598 /* Build configuration list for PBXNativeTarget "Keyboarder" */;
			buildPhases = (
				8D21E41CD9D0057D872E0008 /* [CP] Check Pods Manifest.lock */,
				E752E4E71F3BDCD200F74598 /* Sources */,
				E752E4E81F3BDCD200F74598 /* Frameworks */,
				E752E4E91F3BDCD200F74598 /* Resources */,
				4D24C3D1CCAF7F5E51C2DDA1 /* [CP] Embed Pods Frameworks */,
				465FBF38951E9B2E2C62CE0D /* [CP] Copy Pods Resources */,
			);
			buildRules = (
			);
			dependencies = (
			);
			name = Keyboarder;
			productName = Keyboarder;
			productReference = E752E4EB1F3BDCD300F74598 /* Keyboarder.app */;
			productType = "com.apple.product-type.application";
		};
		E752E4FE1F3BDCD300F74598 /* KeyboarderTests */ = {
			isa = PBXNativeTarget;
			buildConfigurationList = E752E50B1F3BDCD300F74598 /* Build configuration list for PBXNativeTarget "KeyboarderTests" */;
			buildPhases = (
				523488F95BA7E0BEC142589C /* [CP] Check Pods Manifest.lock */,
				E752E4FB1F3BDCD300F74598 /* Sources */,
				E752E4FC1F3BDCD300F74598 /* Frameworks */,
				E752E4FD1F3BDCD300F74598 /* Resources */,
				4144B0ABB1279754D304BA75 /* [CP] Embed Pods Frameworks */,
				A6FE0FB80CB22FF7032BBA56 /* [CP] Copy Pods Resources */,
			);
			buildRules = (
			);
			dependencies = (
				E752E5011F3BDCD300F74598 /* PBXTargetDependency */,
			);
			name = KeyboarderTests;
			productName = KeyboarderTests;
			productReference = E752E4FF1F3BDCD300F74598 /* KeyboarderTests.xctest */;
			productType = "com.apple.product-type.bundle.unit-test";
		};
/* End PBXNativeTarget section */

/* Begin PBXProject section */
		E752E4E31F3BDCD200F74598 /* Project object */ = {
			isa = PBXProject;
			attributes = {
				LastSwiftUpdateCheck = 0820;
				LastUpgradeCheck = 0820;
				ORGANIZATIONNAME = "Alan Li";
				TargetAttributes = {
					E752E4EA1F3BDCD200F74598 = {
						CreatedOnToolsVersion = 8.2;
						DevelopmentTeam = 3L34B92962;
						ProvisioningStyle = Automatic;
					};
					E752E4FE1F3BDCD300F74598 = {
						CreatedOnToolsVersion = 8.2;
						ProvisioningStyle = Automatic;
						TestTargetID = E752E4EA1F3BDCD200F74598;
					};
				};
			};
			buildConfigurationList = E752E4E61F3BDCD200F74598 /* Build configuration list for PBXProject "Keyboarder" */;
			compatibilityVersion = "Xcode 3.2";
			developmentRegion = English;
			hasScannedForEncodings = 0;
			knownRegions = (
				en,
				Base,
			);
			mainGroup = E752E4E21F3BDCD200F74598;
			productRefGroup = E752E4EC1F3BDCD300F74598 /* Products */;
			projectDirPath = "";
			projectRoot = "";
			targets = (
				E752E4EA1F3BDCD200F74598 /* Keyboarder */,
				E752E4FE1F3BDCD300F74598 /* KeyboarderTests */,
			);
		};
/* End PBXProject section */

/* Begin PBXResourcesBuildPhase section */
		E752E4E91F3BDCD200F74598 /* Resources */ = {
			isa = PBXResourcesBuildPhase;
			buildActionMask = 2147483647;
			files = (
				E752E4F91F3BDCD300F74598 /* LaunchScreen.storyboard in Resources */,
				E752E4F61F3BDCD300F74598 /* Assets.xcassets in Resources */,
				E752E50F1F3BDDF900F74598 /* Podfile in Resources */,
				E752E4F41F3BDCD300F74598 /* Main.storyboard in Resources */,
			);
			runOnlyForDeploymentPostprocessing = 0;
		};
		E752E4FD1F3BDCD300F74598 /* Resources */ = {
			isa = PBXResourcesBuildPhase;
			buildActionMask = 2147483647;
			files = (
			);
			runOnlyForDeploymentPostprocessing = 0;
		};
/* End PBXResourcesBuildPhase section */

/* Begin PBXShellScriptBuildPhase section */
		4144B0ABB1279754D304BA75 /* [CP] Embed Pods Frameworks */ = {
			isa = PBXShellScriptBuildPhase;
			buildActionMask = 2147483647;
			files = (
			);
			inputPaths = (
			);
			name = "[CP] Embed Pods Frameworks";
			outputPaths = (
			);
			runOnlyForDeploymentPostprocessing = 0;
			shellPath = /bin/sh;
			shellScript = "\"${SRCROOT}/Pods/Target Support Files/Pods-KeyboarderTests/Pods-KeyboarderTests-frameworks.sh\"\n";
			showEnvVarsInLog = 0;
		};
		465FBF38951E9B2E2C62CE0D /* [CP] Copy Pods Resources */ = {
			isa = PBXShellScriptBuildPhase;
			buildActionMask = 2147483647;
			files = (
			);
			inputPaths = (
			);
			name = "[CP] Copy Pods Resources";
			outputPaths = (
			);
			runOnlyForDeploymentPostprocessing = 0;
			shellPath = /bin/sh;
			shellScript = "\"${SRCROOT}/Pods/Target Support Files/Pods-Keyboarder/Pods-Keyboarder-resources.sh\"\n";
			showEnvVarsInLog = 0;
		};
		4D24C3D1CCAF7F5E51C2DDA1 /* [CP] Embed Pods Frameworks */ = {
			isa = PBXShellScriptBuildPhase;
			buildActionMask = 2147483647;
			files = (
			);
			inputPaths = (
			);
			name = "[CP] Embed Pods Frameworks";
			outputPaths = (
			);
			runOnlyForDeploymentPostprocessing = 0;
			shellPath = /bin/sh;
			shellScript = "\"${SRCROOT}/Pods/Target Support Files/Pods-Keyboarder/Pods-Keyboarder-frameworks.sh\"\n";
			showEnvVarsInLog = 0;
		};
		523488F95BA7E0BEC142589C /* [CP] Check Pods Manifest.lock */ = {
			isa = PBXShellScriptBuildPhase;
			buildActionMask = 2147483647;
			files = (
			);
			inputPaths = (
			);
			name = "[CP] Check Pods Manifest.lock";
			outputPaths = (
			);
			runOnlyForDeploymentPostprocessing = 0;
			shellPath = /bin/sh;
			shellScript = "diff \"${PODS_PODFILE_DIR_PATH}/Podfile.lock\" \"${PODS_ROOT}/Manifest.lock\" > /dev/null\nif [ $? != 0 ] ; then\n    # print error to STDERR\n    echo \"error: The sandbox is not in sync with the Podfile.lock. Run 'pod install' or update your CocoaPods installation.\" >&2\n    exit 1\nfi\n";
			showEnvVarsInLog = 0;
		};
		8D21E41CD9D0057D872E0008 /* [CP] Check Pods Manifest.lock */ = {
			isa = PBXShellScriptBuildPhase;
			buildActionMask = 2147483647;
			files = (
			);
			inputPaths = (
			);
			name = "[CP] Check Pods Manifest.lock";
			outputPaths = (
			);
			runOnlyForDeploymentPostprocessing = 0;
			shellPath = /bin/sh;
			shellScript = "diff \"${PODS_PODFILE_DIR_PATH}/Podfile.lock\" \"${PODS_ROOT}/Manifest.lock\" > /dev/null\nif [ $? != 0 ] ; then\n    # print error to STDERR\n    echo \"error: The sandbox is not in sync with the Podfile.lock. Run 'pod install' or update your CocoaPods installation.\" >&2\n    exit 1\nfi\n";
			showEnvVarsInLog = 0;
		};
		A6FE0FB80CB22FF7032BBA56 /* [CP] Copy Pods Resources */ = {
			isa = PBXShellScriptBuildPhase;
			buildActionMask = 2147483647;
			files = (
			);
			inputPaths = (
			);
			name = "[CP] Copy Pods Resources";
			outputPaths = (
			);
			runOnlyForDeploymentPostprocessing = 0;
			shellPath = /bin/sh;
			shellScript = "\"${SRCROOT}/Pods/Target Support Files/Pods-KeyboarderTests/Pods-KeyboarderTests-resources.sh\"\n";
			showEnvVarsInLog = 0;
		};
/* End PBXShellScriptBuildPhase section */

/* Begin PBXSourcesBuildPhase section */
		E752E4E71F3BDCD200F74598 /* Sources */ = {
			isa = PBXSourcesBuildPhase;
			buildActionMask = 2147483647;
			files = (
				E752E4F11F3BDCD300F74598 /* ViewController.swift in Sources */,
				E752E4EF1F3BDCD300F74598 /* AppDelegate.swift in Sources */,
			);
			runOnlyForDeploymentPostprocessing = 0;
		};
		E752E4FB1F3BDCD300F74598 /* Sources */ = {
			isa = PBXSourcesBuildPhase;
			buildActionMask = 2147483647;
			files = (
				E752E5041F3BDCD300F74598 /* KeyboarderTests.swift in Sources */,
			);
			runOnlyForDeploymentPostprocessing = 0;
		};
/* End PBXSourcesBuildPhase section */

/* Begin PBXTargetDependency section */
		E752E5011F3BDCD300F74598 /* PBXTargetDependency */ = {
			isa = PBXTargetDependency;
			target = E752E4EA1F3BDCD200F74598 /* Keyboarder */;
			targetProxy = E752E5001F3BDCD300F74598 /* PBXContainerItemProxy */;
		};
/* End PBXTargetDependency section */

/* Begin PBXVariantGroup section */
		E752E4F21F3BDCD300F74598 /* Main.storyboard */ = {
			isa = PBXVariantGroup;
			children = (
				E752E4F31F3BDCD300F74598 /* Base */,
			);
			name = Main.storyboard;
			sourceTree = "<group>";
		};
		E752E4F71F3BDCD300F74598 /* LaunchScreen.storyboard */ = {
			isa = PBXVariantGroup;
			children = (
				E752E4F81F3BDCD300F74598 /* Base */,
			);
			name = LaunchScreen.storyboard;
			sourceTree = "<group>";
		};
/* End PBXVariantGroup section */

/* Begin XCBuildConfiguration section */
		E752E5061F3BDCD300F74598 /* Debug */ = {
			isa = XCBuildConfiguration;
			buildSettings = {
				ALWAYS_SEARCH_USER_PATHS = NO;
				CLANG_ANALYZER_NONNULL = YES;
				CLANG_CXX_LANGUAGE_STANDARD = "gnu++0x";
				CLANG_CXX_LIBRARY = "libc++";
				CLANG_ENABLE_MODULES = YES;
				CLANG_ENABLE_OBJC_ARC = YES;
				CLANG_WARN_BOOL_CONVERSION = YES;
				CLANG_WARN_CONSTANT_CONVERSION = YES;
				CLANG_WARN_DIRECT_OBJC_ISA_USAGE = YES_ERROR;
				CLANG_WARN_DOCUMENTATION_COMMENTS = YES;
				CLANG_WARN_EMPTY_BODY = YES;
				CLANG_WARN_ENUM_CONVERSION = YES;
				CLANG_WARN_INFINITE_RECURSION = YES;
				CLANG_WARN_INT_CONVERSION = YES;
				CLANG_WARN_OBJC_ROOT_CLASS = YES_ERROR;
				CLANG_WARN_SUSPICIOUS_MOVE = YES;
				CLANG_WARN_UNREACHABLE_CODE = YES;
				CLANG_WARN__DUPLICATE_METHOD_MATCH = YES;
				"CODE_SIGN_IDENTITY[sdk=iphoneos*]" = "iPhone Developer";
				COPY_PHASE_STRIP = NO;
				DEBUG_INFORMATION_FORMAT = dwarf;
				ENABLE_STRICT_OBJC_MSGSEND = YES;
				ENABLE_TESTABILITY = YES;
				GCC_C_LANGUAGE_STANDARD = gnu99;
				GCC_DYNAMIC_NO_PIC = NO;
				GCC_NO_COMMON_BLOCKS = YES;
				GCC_OPTIMIZATION_LEVEL = 0;
				GCC_PREPROCESSOR_DEFINITIONS = (
					"DEBUG=1",
					"$(inherited)",
				);
				GCC_WARN_64_TO_32_BIT_CONVERSION = YES;
				GCC_WARN_ABOUT_RETURN_TYPE = YES_ERROR;
				GCC_WARN_UNDECLARED_SELECTOR = YES;
				GCC_WARN_UNINITIALIZED_AUTOS = YES_AGGRESSIVE;
				GCC_WARN_UNUSED_FUNCTION = YES;
				GCC_WARN_UNUSED_VARIABLE = YES;
				IPHONEOS_DEPLOYMENT_TARGET = 10.2;
				MTL_ENABLE_DEBUG_INFO = YES;
				ONLY_ACTIVE_ARCH = YES;
				SDKROOT = iphoneos;
				SWIFT_ACTIVE_COMPILATION_CONDITIONS = DEBUG;
				SWIFT_OPTIMIZATION_LEVEL = "-Onone";
				TARGETED_DEVICE_FAMILY = "1,2";
			};
			name = Debug;
		};
		E752E5071F3BDCD300F74598 /* Release */ = {
			isa = XCBuildConfiguration;
			buildSettings = {
				ALWAYS_SEARCH_USER_PATHS = NO;
				CLANG_ANALYZER_NONNULL = YES;
				CLANG_CXX_LANGUAGE_STANDARD = "gnu++0x";
				CLANG_CXX_LIBRARY = "libc++";
				CLANG_ENABLE_MODULES = YES;
				CLANG_ENABLE_OBJC_ARC = YES;
				CLANG_WARN_BOOL_CONVERSION = YES;
				CLANG_WARN_CONSTANT_CONVERSION = YES;
				CLANG_WARN_DIRECT_OBJC_ISA_USAGE = YES_ERROR;
				CLANG_WARN_DOCUMENTATION_COMMENTS = YES;
				CLANG_WARN_EMPTY_BODY = YES;
				CLANG_WARN_ENUM_CONVERSION = YES;
				CLANG_WARN_INFINITE_RECURSION = YES;
				CLANG_WARN_INT_CONVERSION = YES;
				CLANG_WARN_OBJC_ROOT_CLASS = YES_ERROR;
				CLANG_WARN_SUSPICIOUS_MOVE = YES;
				CLANG_WARN_UNREACHABLE_CODE = YES;
				CLANG_WARN__DUPLICATE_METHOD_MATCH = YES;
				"CODE_SIGN_IDENTITY[sdk=iphoneos*]" = "iPhone Developer";
				COPY_PHASE_STRIP = NO;
				DEBUG_INFORMATION_FORMAT = "dwarf-with-dsym";
				ENABLE_NS_ASSERTIONS = NO;
				ENABLE_STRICT_OBJC_MSGSEND = YES;
				GCC_C_LANGUAGE_STANDARD = gnu99;
				GCC_NO_COMMON_BLOCKS = YES;
				GCC_WARN_64_TO_32_BIT_CONVERSION = YES;
				GCC_WARN_ABOUT_RETURN_TYPE = YES_ERROR;
				GCC_WARN_UNDECLARED_SELECTOR = YES;
				GCC_WARN_UNINITIALIZED_AUTOS = YES_AGGRESSIVE;
				GCC_WARN_UNUSED_FUNCTION = YES;
				GCC_WARN_UNUSED_VARIABLE = YES;
				IPHONEOS_DEPLOYMENT_TARGET = 10.2;
				MTL_ENABLE_DEBUG_INFO = NO;
				SDKROOT = iphoneos;
				SWIFT_OPTIMIZATION_LEVEL = "-Owholemodule";
				TARGETED_DEVICE_FAMILY = "1,2";
				VALIDATE_PRODUCT = YES;
			};
			name = Release;
		};
		E752E5091F3BDCD300F74598 /* Debug */ = {
			isa = XCBuildConfiguration;
			baseConfigurationReference = 6EAEF6EC5578446FDD944EDF /* Pods-Keyboarder.debug.xcconfig */;
			buildSettings = {
				ASSETCATALOG_COMPILER_APPICON_NAME = AppIcon;
				"CODE_SIGN_IDENTITY[sdk=iphoneos*]" = "iPhone Developer";
				DEVELOPMENT_TEAM = 3L34B92962;
				INFOPLIST_FILE = Keyboarder/Info.plist;
				LD_RUNPATH_SEARCH_PATHS = "$(inherited) @executable_path/Frameworks";
				PRODUCT_BUNDLE_IDENTIFIER = alan.li.Keyboarder;
				PRODUCT_NAME = "$(TARGET_NAME)";
				SWIFT_VERSION = 3.0;
			};
			name = Debug;
		};
		E752E50A1F3BDCD300F74598 /* Release */ = {
			isa = XCBuildConfiguration;
			baseConfigurationReference = 32B124638ED61FB4EDC9F883 /* Pods-Keyboarder.release.xcconfig */;
			buildSettings = {
				ASSETCATALOG_COMPILER_APPICON_NAME = AppIcon;
				"CODE_SIGN_IDENTITY[sdk=iphoneos*]" = "iPhone Developer";
				DEVELOPMENT_TEAM = 3L34B92962;
				INFOPLIST_FILE = Keyboarder/Info.plist;
				LD_RUNPATH_SEARCH_PATHS = "$(inherited) @executable_path/Frameworks";
				PRODUCT_BUNDLE_IDENTIFIER = alan.li.Keyboarder;
				PRODUCT_NAME = "$(TARGET_NAME)";
				SWIFT_VERSION = 3.0;
			};
			name = Release;
		};
		E752E50C1F3BDCD300F74598 /* Debug */ = {
			isa = XCBuildConfiguration;
			baseConfigurationReference = C0EB60BF88D7E6993C3E18D4 /* Pods-KeyboarderTests.debug.xcconfig */;
			buildSettings = {
				ALWAYS_EMBED_SWIFT_STANDARD_LIBRARIES = YES;
				BUNDLE_LOADER = "$(TEST_HOST)";
				INFOPLIST_FILE = KeyboarderTests/Info.plist;
				LD_RUNPATH_SEARCH_PATHS = "$(inherited) @executable_path/Frameworks @loader_path/Frameworks";
				PRODUCT_BUNDLE_IDENTIFIER = alan.li.KeyboarderTests;
				PRODUCT_NAME = "$(TARGET_NAME)";
				SWIFT_VERSION = 3.0;
				TEST_HOST = "$(BUILT_PRODUCTS_DIR)/Keyboarder.app/Keyboarder";
			};
			name = Debug;
		};
		E752E50D1F3BDCD300F74598 /* Release */ = {
			isa = XCBuildConfiguration;
			baseConfigurationReference = A72596C4044331B80DA1C6B9 /* Pods-KeyboarderTests.release.xcconfig */;
			buildSettings = {
				ALWAYS_EMBED_SWIFT_STANDARD_LIBRARIES = YES;
				BUNDLE_LOADER = "$(TEST_HOST)";
				INFOPLIST_FILE = KeyboarderTests/Info.plist;
				LD_RUNPATH_SEARCH_PATHS = "$(inherited) @executable_path/Frameworks @loader_path/Frameworks";
				PRODUCT_BUNDLE_IDENTIFIER = alan.li.KeyboarderTests;
				PRODUCT_NAME = "$(TARGET_NAME)";
				SWIFT_VERSION = 3.0;
				TEST_HOST = "$(BUILT_PRODUCTS_DIR)/Keyboarder.app/Keyboarder";
			};
			name = Release;
		};
/* End XCBuildConfiguration section */

/* Begin XCConfigurationList section */
		E752E4E61F3BDCD200F74598 /* Build configuration list for PBXProject "Keyboarder" */ = {
			isa = XCConfigurationList;
			buildConfigurations = (
				E752E5061F3BDCD300F74598 /* Debug */,
				E752E5071F3BDCD300F74598 /* Release */,
			);
			defaultConfigurationIsVisible = 0;
			defaultConfigurationName = Release;
		};
		E752E5081F3BDCD300F74598 /* Build configuration list for PBXNativeTarget "Keyboarder" */ = {
			isa = XCConfigurationList;
			buildConfigurations = (
				E752E5091F3BDCD300F74598 /* Debug */,
				E752E50A1F3BDCD300F74598 /* Release */,
			);
			defaultConfigurationIsVisible = 0;
		};
		E752E50B1F3BDCD300F74598 /* Build configuration list for PBXNativeTarget "KeyboarderTests" */ = {
			isa = XCConfigurationList;
			buildConfigurations = (
				E752E50C1F3BDCD300F74598 /* Debug */,
				E752E50D1F3BDCD300F74598 /* Release */,
			);
			defaultConfigurationIsVisible = 0;
		};
/* End XCConfigurationList section */
	};
	rootObject = E752E4E31F3BDCD200F74598 /* Project object */;
}
